
Microsoft Visual Studio Solution File, Format Version 12.00
# Visual Studio Version 17
VisualStudioVersion = 17.12.35707.178
MinimumVisualStudioVersion = 10.0.40219.1
Project("{FAE04EC0-301F-11D3-BF4B-00C04F79EFBC}") = "AndroidToDo", "ToDo\AndroidToDo.csproj", "{53768C95-8130-4D03-B2E7-7C28E980F4F4}"
EndProject
Project("{FAE04EC0-301F-11D3-BF4B-00C04F79EFBC}") = "ToDoList", "..\ToDoList v4Mobile\ToDoList\ToDoList.csproj", "{1A93A84C-120F-4449-8C7F-B5A4978671F6}"
EndProject
Global
	GlobalSection(SolutionConfigurationPlatforms) = preSolution
		Debug|Any CPU = Debug|Any CPU
		Release|Any CPU = Release|Any CPU
	EndGlobalSection
	GlobalSection(ProjectConfigurationPlatforms) = postSolution
		{53768C95-8130-4D03-B2E7-7C28E980F4F4}.Debug|Any CPU.ActiveCfg = Debug|Any CPU
		{53768C95-8130-4D03-B2E7-7C28E980F4F4}.Debug|Any CPU.Build.0 = Debug|Any CPU
		{53768C95-8130-4D03-B2E7-7C28E980F4F4}.Debug|Any CPU.Deploy.0 = Debug|Any CPU
		{53768C95-8130-4D03-B2E7-7C28E980F4F4}.Release|Any CPU.ActiveCfg = Release|Any CPU
		{53768C95-8130-4D03-B2E7-7C28E980F4F4}.Release|Any CPU.Build.0 = Release|Any CPU
		{1A93A84C-120F-4449-8C7F-B5A4978671F6}.Debug|Any CPU.ActiveCfg = Debug|Any CPU
		{1A93A84C-120F-4449-8C7F-B5A4978671F6}.Debug|Any CPU.Build.0 = Debug|Any CPU
		{1A93A84C-120F-4449-8C7F-B5A4978671F6}.Release|Any CPU.ActiveCfg = Release|Any CPU
		{1A93A84C-120F-4449-8C7F-B5A4978671F6}.Release|Any CPU.Build.0 = Release|Any CPU
	EndGlobalSection
	GlobalSection(SolutionProperties) = preSolution
		HideSolutionNode = FALSE
	EndGlobalSection
EndGlobal
